<?xml version="1.0"?>
<CONFIG>
  <ProjectOptions>
    <PathDelim Value="/"/>
    <Version Value="6"/>
    <General>
      <Flags>
        <AlwaysBuild Value="False"/>
      </Flags>
      <SessionStorage Value="InProjectDir"/>
      <MainUnit Value="0"/>
      <IconPath Value="./"/>
      <TargetFileExt Value=""/>
      <Title Value="DarGUI"/>
      <UseAppBundle Value="False"/>
    </General>
    <i18n>
      <EnableI18N Value="True"/>
      <OutDir Value="locales"/>
    </i18n>
    <VersionInfo>
      <ProjectVersion Value=""/>
    </VersionInfo>
    <PublishOptions>
      <Version Value="2"/>
      <IgnoreBinaries Value="False"/>
      <IncludeFileFilter Value="*.(pas|pp|inc|lfm|lpr|lrs|lpi|lpk|sh|xml)"/>
      <ExcludeFileFilter Value="*.(bak|ppu|ppw|o|so);*~;backup"/>
    </PublishOptions>
    <RunParams>
      <local>
        <FormatVersion Value="1"/>
        <LaunchingApplication PathPlusParams="/usr/X11R6/bin/xterm -T 'Lazarus Run Output' -e $(LazarusDir)/tools/runwait.sh $(TargetCmdLine)"/>
      </local>
    </RunParams>
    <RequiredPackages Count="2">
      <Item1>
        <PackageName Value="LCL"/>
      </Item1>
      <Item2>
        <PackageName Value="FCL"/>
        <MinVersion Major="1" Valid="True"/>
      </Item2>
    </RequiredPackages>
    <Units Count="12">
      <Unit0>
        <Filename Value="dargui.lpr"/>
        <IsPartOfProject Value="True"/>
        <UnitName Value="dargui"/>
      </Unit0>
      <Unit1>
        <Filename Value="main.pas"/>
        <ComponentName Value="MainForm"/>
        <IsPartOfProject Value="True"/>
        <ResourceFilename Value="main.lrs"/>
        <UnitName Value="main"/>
      </Unit1>
      <Unit2>
        <Filename Value="darintf.pas"/>
        <IsPartOfProject Value="True"/>
        <UnitName Value="darintf"/>
      </Unit2>
      <Unit3>
        <Filename Value="selectrestore.pas"/>
        <ComponentName Value="ExtractSelectedForm"/>
        <IsPartOfProject Value="True"/>
        <ResourceFilename Value="selectrestore.lrs"/>
        <UnitName Value="selectrestore"/>
      </Unit3>
      <Unit4>
        <Filename Value="archive.pas"/>
        <ComponentName Value="ArchiveForm"/>
        <IsPartOfProject Value="True"/>
        <ResourceFilename Value="archive.lrs"/>
        <UnitName Value="archive"/>
      </Unit4>
      <Unit5>
        <Filename Value="filemaskdlg.pas"/>
        <ComponentName Value="FileMaskDialog"/>
        <IsPartOfProject Value="True"/>
        <ResourceFilename Value="filemaskdlg.lrs"/>
        <UnitName Value="filemaskdlg"/>
      </Unit5>
      <Unit6>
        <Filename Value="processline.pas"/>
        <IsPartOfProject Value="True"/>
        <UnitName Value="ProcessLine"/>
      </Unit6>
      <Unit7>
        <Filename Value="archiveinfo.pas"/>
        <ComponentName Value="InformationForm"/>
        <IsPartOfProject Value="True"/>
        <ResourceFilename Value="archiveinfo.lrs"/>
        <UnitName Value="ArchiveInfo"/>
      </Unit7>
      <Unit8>
        <Filename Value="fileoverwrite.pas"/>
        <ComponentName Value="OverwriteFilesForm"/>
        <HasResources Value="True"/>
        <IsPartOfProject Value="True"/>
        <ResourceFilename Value="fileoverwrite.lrs"/>
        <UnitName Value="FileOverwrite"/>
      </Unit8>
      <Unit9>
        <Filename Value="about.pas"/>
        <ComponentName Value="AboutForm"/>
        <HasResources Value="True"/>
        <IsPartOfProject Value="True"/>
        <ResourceFilename Value="about.lrs"/>
        <UnitName Value="About"/>
      </Unit9>
      <Unit10>
        <Filename Value="prefs.pas"/>
        <IsPartOfProject Value="True"/>
        <UnitName Value="prefs"/>
      </Unit10>
      <Unit11>
        <Filename Value="historymenu.pas"/>
        <IsPartOfProject Value="True"/>
        <UnitName Value="historymenu"/>
      </Unit11>
    </Units>
  </ProjectOptions>
  <CompilerOptions>
    <Version Value="5"/>
    <SearchPaths>
      <Libraries Value="/home/usr/X11R6/lib/"/>
      <OtherUnitFiles Value="/usr/lib/lazarus/components/pasdoc/source/component/"/>
      <UnitOutputDirectory Value="/home/malcolm/lazarus/dargui/compiled"/>
    </SearchPaths>
    <CodeGeneration>
      <Optimizations>
        <OptimizationLevel Value="0"/>
      </Optimizations>
    </CodeGeneration>
    <Linking>
      <Debugging>
        <GenerateDebugInfo Value="True"/>
      </Debugging>
    </Linking>
    <Other>
      <Verbosity>
        <ShoLineNum Value="True"/>
      </Verbosity>
      <CompilerPath Value="$(CompPath)"/>
    </Other>
  </CompilerOptions>
</CONFIG>
