<?xml version="1.0"?>
<CONFIG>
  <ProjectOptions>
    <PathDelim Value="/"/>
    <Version Value="6"/>
    <General>
      <MainUnit Value="0"/>
      <IconPath Value="./"/>
      <TargetFileExt Value=""/>
      <Title Value="DarGUI"/>
      <ActiveEditorIndexAtStart Value="1"/>
    </General>
    <VersionInfo>
      <ProjectVersion Value=""/>
    </VersionInfo>
    <PublishOptions>
      <Version Value="2"/>
      <IgnoreBinaries Value="False"/>
      <IncludeFileFilter Value="*.(pas|pp|inc|lfm|lpr|lrs|lpi|lpk|sh|xml)"/>
      <ExcludeFileFilter Value="*.(bak|ppu|ppw|o|so);*~;backup"/>
    </PublishOptions>
    <RunParams>
      <local>
        <FormatVersion Value="1"/>
        <LaunchingApplication PathPlusParams="/usr/bin/gnome-terminal -t 'Lazarus Run Output' -e '$(LazarusDir)/tools/runwait.sh $(TargetCmdLine)'"/>
      </local>
    </RunParams>
    <RequiredPackages Count="2">
      <Item1>
        <PackageName Value="LCL"/>
      </Item1>
      <Item2>
        <PackageName Value="FCL"/>
        <MinVersion Major="1" Valid="True"/>
      </Item2>
    </RequiredPackages>
    <Units Count="51">
      <Unit0>
        <Filename Value="dargui.lpr"/>
        <IsPartOfProject Value="True"/>
        <UnitName Value="dargui"/>
        <CursorPos X="27" Y="12"/>
        <TopLine Value="1"/>
        <UsageCount Value="121"/>
      </Unit0>
      <Unit1>
        <Filename Value="main.pas"/>
        <ComponentName Value="MainForm"/>
        <IsPartOfProject Value="True"/>
        <ResourceFilename Value="main.lrs"/>
        <UnitName Value="main"/>
        <CursorPos X="76" Y="294"/>
        <TopLine Value="267"/>
        <EditorIndex Value="1"/>
        <UsageCount Value="121"/>
        <Bookmarks Count="1">
          <Item0 X="5" Y="246" ID="0"/>
        </Bookmarks>
        <Loaded Value="True"/>
      </Unit1>
      <Unit2>
        <Filename Value="darintf.pas"/>
        <IsPartOfProject Value="True"/>
        <UnitName Value="darintf"/>
        <CursorPos X="67" Y="463"/>
        <TopLine Value="440"/>
        <EditorIndex Value="4"/>
        <UsageCount Value="121"/>
        <Loaded Value="True"/>
      </Unit2>
      <Unit3>
        <Filename Value="/usr/share/fpcsrc/rtl/inc/wstringh.inc"/>
        <CursorPos X="14" Y="30"/>
        <TopLine Value="22"/>
        <UsageCount Value="6"/>
      </Unit3>
      <Unit4>
        <Filename Value="/usr/share/fpcsrc/rtl/inc/wstrings.inc"/>
        <CursorPos X="3" Y="900"/>
        <TopLine Value="896"/>
        <UsageCount Value="6"/>
      </Unit4>
      <Unit5>
        <Filename Value="/usr/share/lazarus/lcl/comctrls.pp"/>
        <UnitName Value="ComCtrls"/>
        <CursorPos X="3" Y="1749"/>
        <TopLine Value="1720"/>
        <UsageCount Value="20"/>
      </Unit5>
      <Unit6>
        <Filename Value="/usr/share/lazarus/lcl/include/treeview.inc"/>
        <CursorPos X="24" Y="605"/>
        <TopLine Value="1"/>
        <UsageCount Value="16"/>
      </Unit6>
      <Unit7>
        <Filename Value="/usr/share/fpcsrc/rtl/inc/systemh.inc"/>
        <CursorPos X="11" Y="621"/>
        <TopLine Value="600"/>
        <UsageCount Value="9"/>
      </Unit7>
      <Unit8>
        <Filename Value="../synapse/source/lib/synautil.pas"/>
        <UnitName Value="synautil"/>
        <CursorPos X="1" Y="1550"/>
        <TopLine Value="1524"/>
        <UsageCount Value="6"/>
      </Unit8>
      <Unit9>
        <Filename Value="/usr/src/fpc/rtl/unix/sysunixh.inc"/>
        <CursorPos X="2" Y="30"/>
        <TopLine Value="4"/>
        <UsageCount Value="5"/>
      </Unit9>
      <Unit10>
        <Filename Value="/usr/share/lazarus/lcl/graphics.pp"/>
        <UnitName Value="Graphics"/>
        <CursorPos X="3" Y="82"/>
        <TopLine Value="53"/>
        <UsageCount Value="11"/>
      </Unit10>
      <Unit11>
        <Filename Value="/usr/share/fpcsrc/rtl/inc/objpash.inc"/>
        <CursorPos X="27" Y="121"/>
        <TopLine Value="87"/>
        <UsageCount Value="8"/>
      </Unit11>
      <Unit12>
        <Filename Value="/usr/share/fpcsrc/rtl/inc/objpas.inc"/>
        <CursorPos X="9" Y="103"/>
        <TopLine Value="70"/>
        <UsageCount Value="8"/>
      </Unit12>
      <Unit13>
        <Filename Value="/usr/share/lazarus/lcl/controls.pp"/>
        <UnitName Value="Controls"/>
        <CursorPos X="29" Y="770"/>
        <TopLine Value="741"/>
        <UsageCount Value="8"/>
      </Unit13>
      <Unit14>
        <Filename Value="/usr/share/lazarus/lcl/lclclasses.pp"/>
        <UnitName Value="LCLClasses"/>
        <CursorPos X="30" Y="38"/>
        <TopLine Value="9"/>
        <UsageCount Value="8"/>
      </Unit14>
      <Unit15>
        <Filename Value="/usr/share/fpcsrc/rtl/objpas/classes/classesh.inc"/>
        <CursorPos X="15" Y="502"/>
        <TopLine Value="481"/>
        <UsageCount Value="10"/>
      </Unit15>
      <Unit16>
        <Filename Value="/usr/share/fpcsrc/rtl/objpas/classes/compon.inc"/>
        <CursorPos X="27" Y="371"/>
        <TopLine Value="371"/>
        <UsageCount Value="8"/>
      </Unit16>
      <Unit17>
        <Filename Value="selectrestore.pas"/>
        <ComponentName Value="ExtractSelectedForm"/>
        <IsPartOfProject Value="True"/>
        <ResourceFilename Value="selectrestore.lrs"/>
        <UnitName Value="selectrestore"/>
        <CursorPos X="1" Y="29"/>
        <TopLine Value="1"/>
        <EditorIndex Value="0"/>
        <UsageCount Value="93"/>
        <Loaded Value="True"/>
      </Unit17>
      <Unit18>
        <Filename Value="main.lfm"/>
        <CursorPos X="1" Y="1"/>
        <TopLine Value="1"/>
        <UsageCount Value="9"/>
        <SyntaxHighlighter Value="LFM"/>
      </Unit18>
      <Unit19>
        <Filename Value="/usr/share/lazarus/lcl/dialogs.pp"/>
        <UnitName Value="Dialogs"/>
        <CursorPos X="10" Y="467"/>
        <TopLine Value="432"/>
        <UsageCount Value="9"/>
      </Unit19>
      <Unit20>
        <Filename Value="/usr/share/lazarus/examples/imgviewer/frmmain.pas"/>
        <ComponentName Value="MainForm"/>
        <HasResources Value="True"/>
        <UnitName Value="frmmain"/>
        <CursorPos X="33" Y="54"/>
        <TopLine Value="1"/>
        <UsageCount Value="7"/>
      </Unit20>
      <Unit21>
        <Filename Value="/usr/share/fpcsrc/fcl/inc/process.pp"/>
        <UnitName Value="process"/>
        <CursorPos X="57" Y="27"/>
        <TopLine Value="1"/>
        <UsageCount Value="8"/>
      </Unit21>
      <Unit22>
        <Filename Value="/usr/share/fpcsrc/rtl/objpas/classes/streams.inc"/>
        <CursorPos X="18" Y="385"/>
        <TopLine Value="382"/>
        <UsageCount Value="7"/>
      </Unit22>
      <Unit23>
        <Filename Value="/usr/share/fpcsrc/rtl/objpas/sysutils/filutilh.inc"/>
        <CursorPos X="13" Y="87"/>
        <TopLine Value="58"/>
        <UsageCount Value="9"/>
      </Unit23>
      <Unit24>
        <Filename Value="/usr/share/fpcsrc/rtl/unix/sysutils.pp"/>
        <UnitName Value="sysutils"/>
        <CursorPos X="3" Y="452"/>
        <TopLine Value="450"/>
        <UsageCount Value="9"/>
      </Unit24>
      <Unit25>
        <Filename Value="/usr/share/fpcsrc/rtl/unix/bunxovlh.inc"/>
        <CursorPos X="14" Y="50"/>
        <TopLine Value="25"/>
        <UsageCount Value="7"/>
      </Unit25>
      <Unit26>
        <Filename Value="/usr/share/fpcsrc/rtl/unix/bunxovl.inc"/>
        <CursorPos X="2" Y="175"/>
        <TopLine Value="173"/>
        <UsageCount Value="7"/>
      </Unit26>
      <Unit27>
        <Filename Value="/usr/share/lazarus/lcl/lcltype.pp"/>
        <UnitName Value="LCLType"/>
        <CursorPos X="25" Y="353"/>
        <TopLine Value="318"/>
        <UsageCount Value="7"/>
      </Unit27>
      <Unit28>
        <Filename Value="/usr/share/lazarus/components/printers/printer4lazarus.pas"/>
        <UnitName Value="Printer4Lazarus"/>
        <CursorPos X="1" Y="1"/>
        <TopLine Value="1"/>
        <UsageCount Value="7"/>
      </Unit28>
      <Unit29>
        <Filename Value="archive.pas"/>
        <ComponentName Value="ArchiveForm"/>
        <IsPartOfProject Value="True"/>
        <ResourceFilename Value="archive.lrs"/>
        <UnitName Value="archive"/>
        <CursorPos X="26" Y="242"/>
        <TopLine Value="222"/>
        <EditorIndex Value="2"/>
        <UsageCount Value="66"/>
        <Loaded Value="True"/>
      </Unit29>
      <Unit30>
        <Filename Value="/usr/share/lazarus/lcl/extctrls.pp"/>
        <UnitName Value="ExtCtrls"/>
        <CursorPos X="18" Y="445"/>
        <TopLine Value="418"/>
        <UsageCount Value="8"/>
      </Unit30>
      <Unit31>
        <Filename Value="/usr/share/lazarus/lcl/include/customsplitter.inc"/>
        <CursorPos X="23" Y="709"/>
        <TopLine Value="700"/>
        <UsageCount Value="8"/>
      </Unit31>
      <Unit32>
        <Filename Value="/usr/share/lazarus/lcl/themes.pas"/>
        <UnitName Value="Themes"/>
        <CursorPos X="3" Y="1783"/>
        <TopLine Value="1778"/>
        <UsageCount Value="8"/>
      </Unit32>
      <Unit33>
        <Filename Value="/usr/share/lazarus/lcl/interfacebase.pp"/>
        <UnitName Value="InterfaceBase"/>
        <CursorPos X="3" Y="133"/>
        <TopLine Value="77"/>
        <UsageCount Value="8"/>
      </Unit33>
      <Unit34>
        <Filename Value="/usr/share/lazarus/lcl/include/commondialog.inc"/>
        <CursorPos X="3" Y="29"/>
        <TopLine Value="25"/>
        <UsageCount Value="8"/>
      </Unit34>
      <Unit35>
        <Filename Value="filemaskdlg.pas"/>
        <ComponentName Value="FileMaskDialog"/>
        <IsPartOfProject Value="True"/>
        <ResourceFilename Value="filemaskdlg.lrs"/>
        <UnitName Value="filemaskdlg"/>
        <CursorPos X="29" Y="4"/>
        <TopLine Value="1"/>
        <UsageCount Value="57"/>
      </Unit35>
      <Unit36>
        <Filename Value="/usr/share/lazarus/lcl/include/customform.inc"/>
        <CursorPos X="51" Y="292"/>
        <TopLine Value="288"/>
        <UsageCount Value="8"/>
      </Unit36>
      <Unit37>
        <Filename Value="/usr/share/lazarus/lcl/stdctrls.pp"/>
        <UnitName Value="StdCtrls"/>
        <CursorPos X="3" Y="834"/>
        <TopLine Value="799"/>
        <UsageCount Value="9"/>
      </Unit37>
      <Unit38>
        <Filename Value="processlinetalk.pas"/>
        <UnitName Value="ProcessLineTalk"/>
        <CursorPos X="24" Y="110"/>
        <TopLine Value="94"/>
        <UsageCount Value="10"/>
      </Unit38>
      <Unit39>
        <Filename Value="/usr/lib/lazarus/ide/lazarus.pp"/>
        <UnitName Value="Lazarus"/>
        <CursorPos X="1" Y="114"/>
        <TopLine Value="79"/>
        <UsageCount Value="9"/>
      </Unit39>
      <Unit40>
        <Filename Value="PasDoc_ProcessLineTalk.pas"/>
        <UnitName Value="PasDoc_ProcessLineTalk"/>
        <CursorPos X="1" Y="5"/>
        <TopLine Value="1"/>
        <UsageCount Value="9"/>
      </Unit40>
      <Unit41>
        <Filename Value="/usr/lib/lazarus/components/pasdoc/source/component/Utils.pas"/>
        <UnitName Value="Utils"/>
        <CursorPos X="18" Y="281"/>
        <TopLine Value="259"/>
        <UsageCount Value="9"/>
      </Unit41>
      <Unit42>
        <Filename Value="processline.pas"/>
        <IsPartOfProject Value="True"/>
        <UnitName Value="ProcessLine"/>
        <CursorPos X="2" Y="120"/>
        <TopLine Value="48"/>
        <UsageCount Value="36"/>
      </Unit42>
      <Unit43>
        <Filename Value="StreamUtils.pas"/>
        <UnitName Value="StreamUtils"/>
        <CursorPos X="1" Y="62"/>
        <TopLine Value="27"/>
        <UsageCount Value="9"/>
      </Unit43>
      <Unit44>
        <Filename Value="/usr/lib/lazarus/lcl/interfaces/gtk/gtk1object.inc"/>
        <CursorPos X="48" Y="1420"/>
        <TopLine Value="1409"/>
        <UsageCount Value="9"/>
      </Unit44>
      <Unit45>
        <Filename Value="/usr/lib/lazarus/lcl/include/control.inc"/>
        <CursorPos X="1" Y="1596"/>
        <TopLine Value="1575"/>
        <UsageCount Value="9"/>
      </Unit45>
      <Unit46>
        <Filename Value="/usr/lib/lazarus/lcl/include/buttoncontrol.inc"/>
        <CursorPos X="1" Y="58"/>
        <TopLine Value="37"/>
        <UsageCount Value="9"/>
      </Unit46>
      <Unit47>
        <Filename Value="/usr/lib/lazarus/lcl/include/buttons.inc"/>
        <CursorPos X="1" Y="229"/>
        <TopLine Value="208"/>
        <UsageCount Value="9"/>
      </Unit47>
      <Unit48>
        <Filename Value="/usr/lib/lazarus/lcl/include/bitbtn.inc"/>
        <CursorPos X="1" Y="57"/>
        <TopLine Value="36"/>
        <UsageCount Value="9"/>
      </Unit48>
      <Unit49>
        <Filename Value="/usr/share/fpcsrc/rtl/inc/file.inc"/>
        <CursorPos X="6" Y="386"/>
        <TopLine Value="381"/>
        <UsageCount Value="9"/>
      </Unit49>
      <Unit50>
        <Filename Value="archiveinfo.pas"/>
        <ComponentName Value="InformationForm"/>
        <IsPartOfProject Value="True"/>
        <ResourceFilename Value="archiveinfo.lrs"/>
        <UnitName Value="ArchiveInfo"/>
        <CursorPos X="13" Y="16"/>
        <TopLine Value="1"/>
        <EditorIndex Value="3"/>
        <UsageCount Value="26"/>
        <Loaded Value="True"/>
      </Unit50>
    </Units>
    <JumpHistory Count="30" HistoryIndex="29">
      <Position1>
        <Filename Value="darintf.pas"/>
        <Caret Line="434" Column="1" TopLine="413"/>
      </Position1>
      <Position2>
        <Filename Value="darintf.pas"/>
        <Caret Line="435" Column="1" TopLine="414"/>
      </Position2>
      <Position3>
        <Filename Value="darintf.pas"/>
        <Caret Line="437" Column="20" TopLine="415"/>
      </Position3>
      <Position4>
        <Filename Value="archive.pas"/>
        <Caret Line="228" Column="1" TopLine="212"/>
      </Position4>
      <Position5>
        <Filename Value="archive.pas"/>
        <Caret Line="249" Column="1" TopLine="238"/>
      </Position5>
      <Position6>
        <Filename Value="archive.pas"/>
        <Caret Line="248" Column="31" TopLine="222"/>
      </Position6>
      <Position7>
        <Filename Value="main.pas"/>
        <Caret Line="239" Column="6" TopLine="204"/>
      </Position7>
      <Position8>
        <Filename Value="main.pas"/>
        <Caret Line="94" Column="3" TopLine="92"/>
      </Position8>
      <Position9>
        <Filename Value="main.pas"/>
        <Caret Line="242" Column="48" TopLine="221"/>
      </Position9>
      <Position10>
        <Filename Value="main.pas"/>
        <Caret Line="40" Column="17" TopLine="40"/>
      </Position10>
      <Position11>
        <Filename Value="main.pas"/>
        <Caret Line="61" Column="58" TopLine="60"/>
      </Position11>
      <Position12>
        <Filename Value="darintf.pas"/>
        <Caret Line="68" Column="25" TopLine="60"/>
      </Position12>
      <Position13>
        <Filename Value="darintf.pas"/>
        <Caret Line="448" Column="5" TopLine="401"/>
      </Position13>
      <Position14>
        <Filename Value="main.pas"/>
        <Caret Line="288" Column="3" TopLine="257"/>
      </Position14>
      <Position15>
        <Filename Value="darintf.pas"/>
        <Caret Line="448" Column="1" TopLine="437"/>
      </Position15>
      <Position16>
        <Filename Value="main.pas"/>
        <Caret Line="288" Column="70" TopLine="289"/>
      </Position16>
      <Position17>
        <Filename Value="main.pas"/>
        <Caret Line="486" Column="59" TopLine="459"/>
      </Position17>
      <Position18>
        <Filename Value="main.pas"/>
        <Caret Line="289" Column="59" TopLine="286"/>
      </Position18>
      <Position19>
        <Filename Value="main.pas"/>
        <Caret Line="288" Column="44" TopLine="268"/>
      </Position19>
      <Position20>
        <Filename Value="main.pas"/>
        <Caret Line="290" Column="37" TopLine="268"/>
      </Position20>
      <Position21>
        <Filename Value="main.pas"/>
        <Caret Line="289" Column="96" TopLine="267"/>
      </Position21>
      <Position22>
        <Filename Value="darintf.pas"/>
        <Caret Line="448" Column="17" TopLine="430"/>
      </Position22>
      <Position23>
        <Filename Value="darintf.pas"/>
        <Caret Line="451" Column="5" TopLine="442"/>
      </Position23>
      <Position24>
        <Filename Value="darintf.pas"/>
        <Caret Line="448" Column="1" TopLine="443"/>
      </Position24>
      <Position25>
        <Filename Value="darintf.pas"/>
        <Caret Line="453" Column="46" TopLine="443"/>
      </Position25>
      <Position26>
        <Filename Value="darintf.pas"/>
        <Caret Line="456" Column="14" TopLine="428"/>
      </Position26>
      <Position27>
        <Filename Value="darintf.pas"/>
        <Caret Line="451" Column="1" TopLine="430"/>
      </Position27>
      <Position28>
        <Filename Value="darintf.pas"/>
        <Caret Line="448" Column="14" TopLine="433"/>
      </Position28>
      <Position29>
        <Filename Value="darintf.pas"/>
        <Caret Line="464" Column="40" TopLine="433"/>
      </Position29>
      <Position30>
        <Filename Value="main.pas"/>
        <Caret Line="293" Column="51" TopLine="267"/>
      </Position30>
    </JumpHistory>
  </ProjectOptions>
  <CompilerOptions>
    <Version Value="5"/>
    <SearchPaths>
      <Libraries Value="/home/usr/X11R6/lib/"/>
      <OtherUnitFiles Value="/usr/lib/lazarus/components/pasdoc/source/component/"/>
      <UnitOutputDirectory Value="/home/malcolm/Projects/dargui/compiled"/>
    </SearchPaths>
    <CodeGeneration>
      <SmartLinkUnit Value="True"/>
      <Generate Value="Smaller"/>
    </CodeGeneration>
    <Linking>
      <Debugging>
        <GenerateDebugInfo Value="True"/>
      </Debugging>
      <Options>
        <Win32>
          <GraphicApplication Value="True"/>
        </Win32>
      </Options>
    </Linking>
    <Other>
      <CompilerPath Value="$(CompPath)"/>
    </Other>
  </CompilerOptions>
  <Debugging>
    <Watches Count="3">
      <Item1>
        <Expression Value="OutputLine"/>
      </Item1>
      <Item2>
        <Expression Value="Cmd"/>
        <Enabled Value="False"/>
      </Item2>
      <Item3>
        <Expression Value="aName"/>
        <Enabled Value="False"/>
      </Item3>
    </Watches>
    <Exceptions Count="2">
      <Item1>
        <Name Value="ECodetoolError"/>
        <Enabled Value="False"/>
      </Item1>
      <Item2>
        <Name Value="EFOpenError"/>
        <Enabled Value="False"/>
      </Item2>
    </Exceptions>
  </Debugging>
</CONFIG>
