<?xml version="1.0"?>
<CONFIG>
  <ProjectOptions>
    <Version Value="7"/>
    <General>
      <Flags>
        <AlwaysBuild Value="False"/>
        <LRSInOutputDirectory Value="False"/>
      </Flags>
      <SessionStorage Value="InProjectDir"/>
      <MainUnit Value="0"/>
      <TargetFileExt Value=""/>
      <Title Value="DarGUI"/>
      <UseAppBundle Value="False"/>
      <Icon Value="0"/>
    </General>
    <i18n>
      <EnableI18N Value="True"/>
      <OutDir Value="locales"/>
    </i18n>
    <VersionInfo>
      <UseVersionInfo Value="True"/>
      <AutoIncrementBuild Value="True"/>
      <CurrentMajorRevNr Value="4"/>
      <CurrentBuildNr Value="556"/>
      <ProjectVersion Value="0.4.0.101"/>
    </VersionInfo>
    <PublishOptions>
      <Version Value="2"/>
      <IncludeFileFilter Value="*.(pas|pp|inc|lfm|lpr|lrs|lpi|lpk|sh|xml)"/>
      <ExcludeFileFilter Value="*.(bak|ppu|ppw|o|so);*~;backup"/>
    </PublishOptions>
    <RunParams>
      <local>
        <FormatVersion Value="1"/>
        <LaunchingApplication Use="True" PathPlusParams="/usr/X11R6/bin/xterm -T 'Lazarus Run Output' -e $(LazarusDir)/tools/runwait.sh $(TargetCmdLine)"/>
      </local>
    </RunParams>
    <RequiredPackages Count="2">
      <Item1>
        <PackageName Value="FCL"/>
        <MinVersion Major="1" Valid="True"/>
      </Item1>
      <Item2>
        <PackageName Value="LCL"/>
      </Item2>
    </RequiredPackages>
    <Units Count="21">
      <Unit0>
        <Filename Value="dargui.lpr"/>
        <IsPartOfProject Value="True"/>
        <UnitName Value="createsavedlg"/>
      </Unit0>
      <Unit1>
        <Filename Value="main.pas"/>
        <IsPartOfProject Value="True"/>
        <ComponentName Value="MainForm"/>
        <ResourceBaseClass Value="Form"/>
        <UnitName Value="main"/>
      </Unit1>
      <Unit2>
        <Filename Value="darintf.pas"/>
        <IsPartOfProject Value="True"/>
        <UnitName Value="darintf"/>
      </Unit2>
      <Unit3>
        <Filename Value="selectrestore.pas"/>
        <IsPartOfProject Value="True"/>
        <ComponentName Value="ExtractSelectedForm"/>
        <ResourceBaseClass Value="Form"/>
        <UnitName Value="selectrestore"/>
      </Unit3>
      <Unit4>
        <Filename Value="archive.pas"/>
        <IsPartOfProject Value="True"/>
        <ComponentName Value="ArchiveForm"/>
        <ResourceBaseClass Value="Form"/>
        <UnitName Value="archive"/>
      </Unit4>
      <Unit5>
        <Filename Value="filemaskdlg.pas"/>
        <IsPartOfProject Value="True"/>
        <ComponentName Value="FileMaskDialog"/>
        <ResourceBaseClass Value="Form"/>
        <UnitName Value="filemaskdlg"/>
      </Unit5>
      <Unit6>
        <Filename Value="processline.pas"/>
        <IsPartOfProject Value="True"/>
        <UnitName Value="ProcessLine"/>
      </Unit6>
      <Unit7>
        <Filename Value="archiveinfo.pas"/>
        <IsPartOfProject Value="True"/>
        <ComponentName Value="InformationForm"/>
        <ResourceBaseClass Value="Form"/>
        <UnitName Value="ArchiveInfo"/>
      </Unit7>
      <Unit8>
        <Filename Value="about.pas"/>
        <IsPartOfProject Value="True"/>
        <ComponentName Value="AboutForm"/>
        <HasResources Value="True"/>
        <ResourceBaseClass Value="Form"/>
        <UnitName Value="About"/>
      </Unit8>
      <Unit9>
        <Filename Value="prefs.pas"/>
        <IsPartOfProject Value="True"/>
        <UnitName Value="prefs"/>
      </Unit9>
      <Unit10>
        <Filename Value="historymenu.pas"/>
        <IsPartOfProject Value="True"/>
        <UnitName Value="historymenu"/>
      </Unit10>
      <Unit11>
        <Filename Value="dgstrconst.pas"/>
        <IsPartOfProject Value="True"/>
        <UnitName Value="dgStrConst"/>
      </Unit11>
      <Unit12>
        <Filename Value="selectfilter.pas"/>
        <IsPartOfProject Value="True"/>
        <ComponentName Value="SelectFilterForm"/>
        <ResourceBaseClass Value="Form"/>
        <UnitName Value="selectfilter"/>
      </Unit12>
      <Unit13>
        <Filename Value="oplog.pas"/>
        <IsPartOfProject Value="True"/>
        <ComponentName Value="OpLogForm"/>
        <HasResources Value="True"/>
        <ResourceBaseClass Value="Form"/>
        <UnitName Value="oplog"/>
      </Unit13>
      <Unit14>
        <Filename Value="diff.pas"/>
        <IsPartOfProject Value="True"/>
        <ComponentName Value="DiffForm"/>
        <HasResources Value="True"/>
        <ResourceBaseClass Value="Form"/>
        <UnitName Value="diff"/>
      </Unit14>
      <Unit15>
        <Filename Value="isolate.pas"/>
        <IsPartOfProject Value="True"/>
        <ComponentName Value="IsolateForm"/>
        <HasResources Value="True"/>
        <ResourceBaseClass Value="Form"/>
        <UnitName Value="isolate"/>
      </Unit15>
      <Unit16>
        <Filename Value="password.pas"/>
        <IsPartOfProject Value="True"/>
        <ComponentName Value="PasswordDlg"/>
        <ResourceBaseClass Value="Form"/>
        <UnitName Value="password"/>
      </Unit16>
      <Unit17>
        <Filename Value="darstrings.pas"/>
        <IsPartOfProject Value="True"/>
        <UnitName Value="darstrings"/>
      </Unit17>
      <Unit18>
        <Filename Value="backupsavedlg.pas"/>
        <IsPartOfProject Value="True"/>
        <ComponentName Value="CreateSaveDialog"/>
        <ResourceBaseClass Value="Form"/>
        <UnitName Value="backupsavedlg"/>
      </Unit18>
      <Unit19>
        <Filename Value="schedman.pas"/>
        <IsPartOfProject Value="True"/>
        <ComponentName Value="ScheduleManagerForm"/>
        <ResourceBaseClass Value="Form"/>
        <UnitName Value="schedman"/>
      </Unit19>
      <Unit20>
        <Filename Value="userprefs.pas"/>
        <IsPartOfProject Value="True"/>
        <ComponentName Value="OptionsForm"/>
        <ResourceBaseClass Value="Form"/>
        <UnitName Value="userprefs"/>
      </Unit20>
    </Units>
  </ProjectOptions>
  <CompilerOptions>
    <Version Value="8"/>
    <SearchPaths>
      <Libraries Value="/home/usr/X11R6/lib/"/>
      <OtherUnitFiles Value="/home/malcolm/Projects/lazarus_svn/components/synedit/;Vte/"/>
      <UnitOutputDirectory Value="/home/malcolm/lazarus/dargui/compiled"/>
    </SearchPaths>
    <Parsing>
      <SyntaxOptions>
        <CStyleOperator Value="False"/>
        <AllowLabel Value="False"/>
        <UseAnsiStrings Value="True"/>
      </SyntaxOptions>
    </Parsing>
    <CodeGeneration>
      <TargetProcessor Value="386"/>
      <TargetCPU Value="i386"/>
      <TargetOS Value="Linux"/>
    </CodeGeneration>
    <Linking>
      <Debugging>
        <GenerateDebugInfo Value="True"/>
      </Debugging>
    </Linking>
    <Other>
      <Verbosity>
        <ShoLineNum Value="True"/>
      </Verbosity>
      <WriteFPCLogo Value="False"/>
      <CustomOptions Value="-dUSE_QT_44"/>
      <CompilerPath Value="$(CompPath)"/>
      <ExecuteBefore>
        <Command Value="rstconv -i compiled/dgstrconst.rst -o locales/dargui.pot"/>
        <CompileReasons Build="False" Run="False"/>
      </ExecuteBefore>
      <ExecuteAfter>
        <Command Value="/usr/share/lazarus/tools/svn2revisioninc ~/lazarus/dargui -o /home/malcolm/lazarus/dargui/revision.inc"/>
        <CompileReasons Build="False" Run="False"/>
      </ExecuteAfter>
    </Other>
  </CompilerOptions>
</CONFIG>
